
Microsoft Visual Studio Solution File, Format Version 12.00
Project("{FAE04EC0-301F-11D3-BF4B-00C04F79EFBC}") = "youtubeLiveChatCrawler", "youtubeLiveChatCrawler\youtubeLiveChatCrawler.csproj", "{3AEAF833-7817-4AB2-B4F7-7D2CFD31FE4C}"
EndProject
Project("{FAE04EC0-301F-11D3-BF4B-00C04F79EFBC}") = "youtubeLiveChatCrawler.Tests", "youtubeLiveChatCrawler.Tests\youtubeLiveChatCrawler.Tests.csproj", "{2C888844-C3CD-4BAA-BBFD-B6E3E5FC404E}"
EndProject
Global
	GlobalSection(SolutionConfigurationPlatforms) = preSolution
		Debug|Any CPU = Debug|Any CPU
		Release|Any CPU = Release|Any CPU
	EndGlobalSection
	GlobalSection(ProjectConfigurationPlatforms) = postSolution
		{3AEAF833-7817-4AB2-B4F7-7D2CFD31FE4C}.Debug|Any CPU.ActiveCfg = Debug|Any CPU
		{3AEAF833-7817-4AB2-B4F7-7D2CFD31FE4C}.Debug|Any CPU.Build.0 = Debug|Any CPU
		{3AEAF833-7817-4AB2-B4F7-7D2CFD31FE4C}.Release|Any CPU.ActiveCfg = Release|Any CPU
		{3AEAF833-7817-4AB2-B4F7-7D2CFD31FE4C}.Release|Any CPU.Build.0 = Release|Any CPU
		{2C888844-C3CD-4BAA-BBFD-B6E3E5FC404E}.Debug|Any CPU.ActiveCfg = Debug|Any CPU
		{2C888844-C3CD-4BAA-BBFD-B6E3E5FC404E}.Debug|Any CPU.Build.0 = Debug|Any CPU
		{2C888844-C3CD-4BAA-BBFD-B6E3E5FC404E}.Release|Any CPU.ActiveCfg = Release|Any CPU
		{2C888844-C3CD-4BAA-BBFD-B6E3E5FC404E}.Release|Any CPU.Build.0 = Release|Any CPU
	EndGlobalSection
EndGlobal
