
Microsoft Visual Studio Solution File, Format Version 12.00
Project("{FAE04EC0-301F-11D3-BF4B-00C04F79EFBC}") = "youtubeLiveChat.Lib", "youtubeLiveChat.Lib\youtubeLiveChat.Lib.csproj", "{BE12162B-B84B-4050-A7AB-0E45C0C7B143}"
EndProject
Project("{FAE04EC0-301F-11D3-BF4B-00C04F79EFBC}") = "youtubeLiveChat.Tests", "youtubeLiveChat.Tests\youtubeLiveChat.Tests.csproj", "{4240EBEF-899A-4838-A700-94539322EB95}"
EndProject
Project("{FAE04EC0-301F-11D3-BF4B-00C04F79EFBC}") = "youtubeLiveChat.App", "youtubeLiveChat.App\youtubeLiveChat.App.csproj", "{776EF955-F6EE-45DF-A25D-451D609FBCD7}"
EndProject
Global
	GlobalSection(SolutionConfigurationPlatforms) = preSolution
		Debug|Any CPU = Debug|Any CPU
		Release|Any CPU = Release|Any CPU
	EndGlobalSection
	GlobalSection(ProjectConfigurationPlatforms) = postSolution
		{BE12162B-B84B-4050-A7AB-0E45C0C7B143}.Debug|Any CPU.ActiveCfg = Debug|Any CPU
		{BE12162B-B84B-4050-A7AB-0E45C0C7B143}.Debug|Any CPU.Build.0 = Debug|Any CPU
		{BE12162B-B84B-4050-A7AB-0E45C0C7B143}.Release|Any CPU.ActiveCfg = Release|Any CPU
		{BE12162B-B84B-4050-A7AB-0E45C0C7B143}.Release|Any CPU.Build.0 = Release|Any CPU
		{4240EBEF-899A-4838-A700-94539322EB95}.Debug|Any CPU.ActiveCfg = Debug|Any CPU
		{4240EBEF-899A-4838-A700-94539322EB95}.Debug|Any CPU.Build.0 = Debug|Any CPU
		{4240EBEF-899A-4838-A700-94539322EB95}.Release|Any CPU.ActiveCfg = Release|Any CPU
		{4240EBEF-899A-4838-A700-94539322EB95}.Release|Any CPU.Build.0 = Release|Any CPU
		{776EF955-F6EE-45DF-A25D-451D609FBCD7}.Debug|Any CPU.ActiveCfg = Debug|Any CPU
		{776EF955-F6EE-45DF-A25D-451D609FBCD7}.Debug|Any CPU.Build.0 = Debug|Any CPU
		{776EF955-F6EE-45DF-A25D-451D609FBCD7}.Release|Any CPU.ActiveCfg = Release|Any CPU
		{776EF955-F6EE-45DF-A25D-451D609FBCD7}.Release|Any CPU.Build.0 = Release|Any CPU
	EndGlobalSection
EndGlobal
